// !$*UTF8*$!
{
	archiveVersion = 1;
	classes = {
	};
	objectVersion = 55;
	objects = {

/* Begin PBXBuildFile section */
		5F53D56D291063F100652316 /* UIColor+Component.swift in Sources */ = {isa = PBXBuildFile; fileRef = 5F53D56C291063F100652316 /* UIColor+Component.swift */; };
		5FCDAFDC28E748DB00A94C9A /* Assets.xcassets in Resources */ = {isa = PBXBuildFile; fileRef = 5FCDAFDB28E748DB00A94C9A /* Assets.xcassets */; };
		5FCDAFDF28E748DB00A94C9A /* LaunchScreen.storyboard in Resources */ = {isa = PBXBuildFile; fileRef = 5FCDAFDD28E748DB00A94C9A /* LaunchScreen.storyboard */; };
		5FCDAFE728E749D600A94C9A /* WelcomeViewController.swift in Sources */ = {isa = PBXBuildFile; fileRef = 5FCDAFE628E749D600A94C9A /* WelcomeViewController.swift */; };
		5FCDAFED28E78E7900A94C9A /* CALayer+Shadow.swift in Sources */ = {isa = PBXBuildFile; fileRef = 5FCDAFEC28E78E7900A94C9A /* CALayer+Shadow.swift */; };
		5FCDAFEF28E78E8400A94C9A /* UIView+Pin.swift in Sources */ = {isa = PBXBuildFile; fileRef = 5FCDAFEE28E78E8400A94C9A /* UIView+Pin.swift */; };
		931850BB2EAD55FE084CFCC6 /* NewsListViewController.swift in Sources */ = {isa = PBXBuildFile; fileRef = 93185E953EC6C1ECFCD02BB1 /* NewsListViewController.swift */; };
		931851296B1BC92103AEC8BB /* BasicHTTPClient.swift in Sources */ = {isa = PBXBuildFile; fileRef = 93185F0827E9D2AF72BF48FD /* BasicHTTPClient.swift */; };
		93185159FD092989253E1DC7 /* UserDefaultsStorage.swift in Sources */ = {isa = PBXBuildFile; fileRef = 93185164B9DB473164702CFA /* UserDefaultsStorage.swift */; };
		93185197510ECB31F831E793 /* NewsCell.swift in Sources */ = {isa = PBXBuildFile; fileRef = 9318531945A3E2586F48D1F9 /* NewsCell.swift */; };
		9318531B58846CDD197F1900 /* NotesViewController.swift in Sources */ = {isa = PBXBuildFile; fileRef = 9318590E2A1E8A35A34BA092 /* NotesViewController.swift */; };
		9318532976B0844A935D3A89 /* SceneDelegate.swift in Sources */ = {isa = PBXBuildFile; fileRef = 93185529128F6978DED6A765 /* SceneDelegate.swift */; };
		9318557FC262164A167631A8 /* NewsViewController.swift in Sources */ = {isa = PBXBuildFile; fileRef = 931858B8E84A6C5CDD219CFD /* NewsViewController.swift */; };
		931855E63E36587CDFDCF14B /* AddNoteCell.swift in Sources */ = {isa = PBXBuildFile; fileRef = 93185C3083B4ED35B9F911EB /* AddNoteCell.swift */; };
		9318573EAAC481CA064403EE /* ColorPaletteView.swift in Sources */ = {isa = PBXBuildFile; fileRef = 931857C71036E6865D23ABDE /* ColorPaletteView.swift */; };
		93185754B0EBBDE26F819EEF /* NoteCell.swift in Sources */ = {isa = PBXBuildFile; fileRef = 93185BF4FBB76EB0E45FE08F /* NoteCell.swift */; };
		931858359870323914FD7384 /* Article.swift in Sources */ = {isa = PBXBuildFile; fileRef = 93185A936FC8FF5E4E257AEA /* Article.swift */; };
		9318590775CCE7AE135A4EAD /* Source.swift in Sources */ = {isa = PBXBuildFile; fileRef = 93185B5F205F1C649463D72C /* Source.swift */; };
		931859B858A785456CB25B5D /* ArticleViewModel.swift in Sources */ = {isa = PBXBuildFile; fileRef = 931857D5103DB7A4B12FADD0 /* ArticleViewModel.swift */; };
		931859EB88A78BD9143970E1 /* ArticlesResponse.swift in Sources */ = {isa = PBXBuildFile; fileRef = 9318545C6D85C78709C1712A /* ArticlesResponse.swift */; };
		93185BA9B91EE531CB6869D2 /* AppDelegate.swift in Sources */ = {isa = PBXBuildFile; fileRef = 93185FEF03DCC9BD0E02803D /* AppDelegate.swift */; };
		93185BF3B0AD0EF14405C245 /* ShortNote.swift in Sources */ = {isa = PBXBuildFile; fileRef = 93185AE8F84EA3C57C9C5EE3 /* ShortNote.swift */; };
		93185E43CA9E79F11B8D0C73 /* NewsApiCom.swift in Sources */ = {isa = PBXBuildFile; fileRef = 9318574CFF7843B341917009 /* NewsApiCom.swift */; };
/* End PBXBuildFile section */

/* Begin PBXFileReference section */
		5F53D56C291063F100652316 /* UIColor+Component.swift */ = {isa = PBXFileReference; lastKnownFileType = sourcecode.swift; path = "UIColor+Component.swift"; sourceTree = "<group>"; };
		5FCDAFCF28E748DA00A94C9A /* evevseevPW-HomeProject.app */ = {isa = PBXFileReference; explicitFileType = wrapper.application; includeInIndex = 0; path = "evevseevPW-HomeProject.app"; sourceTree = BUILT_PRODUCTS_DIR; };
		5FCDAFDB28E748DB00A94C9A /* Assets.xcassets */ = {isa = PBXFileReference; lastKnownFileType = folder.assetcatalog; path = Assets.xcassets; sourceTree = "<group>"; };
		5FCDAFDE28E748DB00A94C9A /* Base */ = {isa = PBXFileReference; lastKnownFileType = file.storyboard; name = Base; path = Base.lproj/LaunchScreen.storyboard; sourceTree = "<group>"; };
		5FCDAFE028E748DB00A94C9A /* Info.plist */ = {isa = PBXFileReference; lastKnownFileType = text.plist.xml; path = Info.plist; sourceTree = "<group>"; };
		5FCDAFE628E749D600A94C9A /* WelcomeViewController.swift */ = {isa = PBXFileReference; lastKnownFileType = sourcecode.swift; path = WelcomeViewController.swift; sourceTree = "<group>"; };
		5FCDAFEC28E78E7900A94C9A /* CALayer+Shadow.swift */ = {isa = PBXFileReference; lastKnownFileType = sourcecode.swift; path = "CALayer+Shadow.swift"; sourceTree = "<group>"; };
		5FCDAFEE28E78E8400A94C9A /* UIView+Pin.swift */ = {isa = PBXFileReference; lastKnownFileType = sourcecode.swift; path = "UIView+Pin.swift"; sourceTree = "<group>"; };
		93185164B9DB473164702CFA /* UserDefaultsStorage.swift */ = {isa = PBXFileReference; fileEncoding = 4; lastKnownFileType = sourcecode.swift; path = UserDefaultsStorage.swift; sourceTree = "<group>"; };
		9318531945A3E2586F48D1F9 /* NewsCell.swift */ = {isa = PBXFileReference; fileEncoding = 4; lastKnownFileType = sourcecode.swift; path = NewsCell.swift; sourceTree = "<group>"; };
		9318545C6D85C78709C1712A /* ArticlesResponse.swift */ = {isa = PBXFileReference; fileEncoding = 4; lastKnownFileType = sourcecode.swift; path = ArticlesResponse.swift; sourceTree = "<group>"; };
		93185529128F6978DED6A765 /* SceneDelegate.swift */ = {isa = PBXFileReference; fileEncoding = 4; lastKnownFileType = sourcecode.swift; path = SceneDelegate.swift; sourceTree = "<group>"; };
		9318574CFF7843B341917009 /* NewsApiCom.swift */ = {isa = PBXFileReference; fileEncoding = 4; lastKnownFileType = sourcecode.swift; path = NewsApiCom.swift; sourceTree = "<group>"; };
		931857C71036E6865D23ABDE /* ColorPaletteView.swift */ = {isa = PBXFileReference; fileEncoding = 4; lastKnownFileType = sourcecode.swift; path = ColorPaletteView.swift; sourceTree = "<group>"; };
		931857D5103DB7A4B12FADD0 /* ArticleViewModel.swift */ = {isa = PBXFileReference; fileEncoding = 4; lastKnownFileType = sourcecode.swift; path = ArticleViewModel.swift; sourceTree = "<group>"; };
		931858B8E84A6C5CDD219CFD /* NewsViewController.swift */ = {isa = PBXFileReference; fileEncoding = 4; lastKnownFileType = sourcecode.swift; path = NewsViewController.swift; sourceTree = "<group>"; };
		9318590E2A1E8A35A34BA092 /* NotesViewController.swift */ = {isa = PBXFileReference; fileEncoding = 4; lastKnownFileType = sourcecode.swift; path = NotesViewController.swift; sourceTree = "<group>"; };
		93185A936FC8FF5E4E257AEA /* Article.swift */ = {isa = PBXFileReference; fileEncoding = 4; lastKnownFileType = sourcecode.swift; path = Article.swift; sourceTree = "<group>"; };
		93185AE8F84EA3C57C9C5EE3 /* ShortNote.swift */ = {isa = PBXFileReference; fileEncoding = 4; lastKnownFileType = sourcecode.swift; path = ShortNote.swift; sourceTree = "<group>"; };
		93185B5F205F1C649463D72C /* Source.swift */ = {isa = PBXFileReference; fileEncoding = 4; lastKnownFileType = sourcecode.swift; path = Source.swift; sourceTree = "<group>"; };
		93185BF4FBB76EB0E45FE08F /* NoteCell.swift */ = {isa = PBXFileReference; fileEncoding = 4; lastKnownFileType = sourcecode.swift; path = NoteCell.swift; sourceTree = "<group>"; };
		93185C3083B4ED35B9F911EB /* AddNoteCell.swift */ = {isa = PBXFileReference; fileEncoding = 4; lastKnownFileType = sourcecode.swift; path = AddNoteCell.swift; sourceTree = "<group>"; };
		93185E953EC6C1ECFCD02BB1 /* NewsListViewController.swift */ = {isa = PBXFileReference; fileEncoding = 4; lastKnownFileType = sourcecode.swift; path = NewsListViewController.swift; sourceTree = "<group>"; };
		93185F0827E9D2AF72BF48FD /* BasicHTTPClient.swift */ = {isa = PBXFileReference; fileEncoding = 4; lastKnownFileType = sourcecode.swift; path = BasicHTTPClient.swift; sourceTree = "<group>"; };
		93185FEF03DCC9BD0E02803D /* AppDelegate.swift */ = {isa = PBXFileReference; fileEncoding = 4; lastKnownFileType = sourcecode.swift; path = AppDelegate.swift; sourceTree = "<group>"; };
/* End PBXFileReference section */

/* Begin PBXFrameworksBuildPhase section */
		5FCDAFCC28E748DA00A94C9A /* Frameworks */ = {
			isa = PBXFrameworksBuildPhase;
			buildActionMask = 2147483647;
			files = (
			);
			runOnlyForDeploymentPostprocessing = 0;
		};
/* End PBXFrameworksBuildPhase section */

/* Begin PBXGroup section */
		5FCDAFC628E748DA00A94C9A = {
			isa = PBXGroup;
			children = (
				5FCDAFD128E748DA00A94C9A /* evevseevPW-HomeProject */,
				5FCDAFD028E748DA00A94C9A /* Products */,
			);
			sourceTree = "<group>";
		};
		5FCDAFD028E748DA00A94C9A /* Products */ = {
			isa = PBXGroup;
			children = (
				5FCDAFCF28E748DA00A94C9A /* evevseevPW-HomeProject.app */,
			);
			name = Products;
			sourceTree = "<group>";
		};
		5FCDAFD128E748DA00A94C9A /* evevseevPW-HomeProject */ = {
			isa = PBXGroup;
			children = (
				5FCDAFF728E797A300A94C9A /* Controllers */,
				5FCDAFEA28E78E5C00A94C9A /* Views */,
				5FCDAFDB28E748DB00A94C9A /* Assets.xcassets */,
				5FCDAFDD28E748DB00A94C9A /* LaunchScreen.storyboard */,
				5FCDAFE028E748DB00A94C9A /* Info.plist */,
				931858008927A7CB11325C82 /* DataProviders */,
				93185F2DEEBC6BB2B455021A /* Services */,
				931850A09E031424C81BE664 /* Models */,
				93185CB9AA2797093056C9F6 /* Main */,
			);
			path = "evevseevPW-HomeProject";
			sourceTree = "<group>";
		};
		5FCDAFEA28E78E5C00A94C9A /* Views */ = {
			isa = PBXGroup;
			children = (
				5FCDAFEB28E78E6600A94C9A /* Extensions */,
				931857C71036E6865D23ABDE /* ColorPaletteView.swift */,
				93185BF4FBB76EB0E45FE08F /* NoteCell.swift */,
				93185C3083B4ED35B9F911EB /* AddNoteCell.swift */,
				9318531945A3E2586F48D1F9 /* NewsCell.swift */,
			);
			path = Views;
			sourceTree = "<group>";
		};
		5FCDAFEB28E78E6600A94C9A /* Extensions */ = {
			isa = PBXGroup;
			children = (
				5FCDAFEE28E78E8400A94C9A /* UIView+Pin.swift */,
				5FCDAFEC28E78E7900A94C9A /* CALayer+Shadow.swift */,
				5F53D56C291063F100652316 /* UIColor+Component.swift */,
			);
			path = Extensions;
			sourceTree = "<group>";
		};
		5FCDAFF728E797A300A94C9A /* Controllers */ = {
			isa = PBXGroup;
			children = (
				5FCDAFE628E749D600A94C9A /* WelcomeViewController.swift */,
				9318590E2A1E8A35A34BA092 /* NotesViewController.swift */,
				93185E953EC6C1ECFCD02BB1 /* NewsListViewController.swift */,
				931858B8E84A6C5CDD219CFD /* NewsViewController.swift */,
			);
			path = Controllers;
			sourceTree = "<group>";
		};
		931850A09E031424C81BE664 /* Models */ = {
			isa = PBXGroup;
			children = (
				931857D5103DB7A4B12FADD0 /* ArticleViewModel.swift */,
				93185AE8F84EA3C57C9C5EE3 /* ShortNote.swift */,
				9318594718AED1ABA1B66F1B /* NewsApi */,
			);
			path = Models;
			sourceTree = "<group>";
		};
		931858008927A7CB11325C82 /* DataProviders */ = {
			isa = PBXGroup;
			children = (
				9318574CFF7843B341917009 /* NewsApiCom.swift */,
			);
			path = DataProviders;
			sourceTree = "<group>";
		};
		9318594718AED1ABA1B66F1B /* NewsApi */ = {
			isa = PBXGroup;
			children = (
				9318545C6D85C78709C1712A /* ArticlesResponse.swift */,
				93185A936FC8FF5E4E257AEA /* Article.swift */,
				93185B5F205F1C649463D72C /* Source.swift */,
			);
			path = NewsApi;
			sourceTree = "<group>";
		};
		93185CB9AA2797093056C9F6 /* Main */ = {
			isa = PBXGroup;
			children = (
				93185529128F6978DED6A765 /* SceneDelegate.swift */,
				93185FEF03DCC9BD0E02803D /* AppDelegate.swift */,
			);
			path = Main;
			sourceTree = "<group>";
		};
		93185F2DEEBC6BB2B455021A /* Services */ = {
			isa = PBXGroup;
			children = (
				93185F0827E9D2AF72BF48FD /* BasicHTTPClient.swift */,
				93185164B9DB473164702CFA /* UserDefaultsStorage.swift */,
			);
			path = Services;
			sourceTree = "<group>";
		};
/* End PBXGroup section */

/* Begin PBXNativeTarget section */
		5FCDAFCE28E748DA00A94C9A /* evevseevPW-HomeProject */ = {
			isa = PBXNativeTarget;
			buildConfigurationList = 5FCDAFE328E748DB00A94C9A /* Build configuration list for PBXNativeTarget "evevseevPW-HomeProject" */;
			buildPhases = (
				5FCDAFCB28E748DA00A94C9A /* Sources */,
				5FCDAFCC28E748DA00A94C9A /* Frameworks */,
				5FCDAFCD28E748DA00A94C9A /* Resources */,
			);
			buildRules = (
			);
			dependencies = (
			);
			name = "evevseevPW-HomeProject";
			productName = "evevseevPW-HomeProject";
			productReference = 5FCDAFCF28E748DA00A94C9A /* evevseevPW-HomeProject.app */;
			productType = "com.apple.product-type.application";
		};
/* End PBXNativeTarget section */

/* Begin PBXProject section */
		5FCDAFC728E748DA00A94C9A /* Project object */ = {
			isa = PBXProject;
			attributes = {
				BuildIndependentTargetsInParallel = 1;
				LastSwiftUpdateCheck = 1320;
				LastUpgradeCheck = 1320;
				TargetAttributes = {
					5FCDAFCE28E748DA00A94C9A = {
						CreatedOnToolsVersion = 13.2.1;
					};
				};
			};
			buildConfigurationList = 5FCDAFCA28E748DA00A94C9A /* Build configuration list for PBXProject "evevseevPW-HomeProject" */;
			compatibilityVersion = "Xcode 13.0";
			developmentRegion = en;
			hasScannedForEncodings = 0;
			knownRegions = (
				en,
				Base,
			);
			mainGroup = 5FCDAFC628E748DA00A94C9A;
			productRefGroup = 5FCDAFD028E748DA00A94C9A /* Products */;
			projectDirPath = "";
			projectRoot = "";
			targets = (
				5FCDAFCE28E748DA00A94C9A /* evevseevPW-HomeProject */,
			);
		};
/* End PBXProject section */

/* Begin PBXResourcesBuildPhase section */
		5FCDAFCD28E748DA00A94C9A /* Resources */ = {
			isa = PBXResourcesBuildPhase;
			buildActionMask = 2147483647;
			files = (
				5FCDAFDF28E748DB00A94C9A /* LaunchScreen.storyboard in Resources */,
				5FCDAFDC28E748DB00A94C9A /* Assets.xcassets in Resources */,
			);
			runOnlyForDeploymentPostprocessing = 0;
		};
/* End PBXResourcesBuildPhase section */

/* Begin PBXSourcesBuildPhase section */
		5FCDAFCB28E748DA00A94C9A /* Sources */ = {
			isa = PBXSourcesBuildPhase;
			buildActionMask = 2147483647;
			files = (
				5FCDAFE728E749D600A94C9A /* WelcomeViewController.swift in Sources */,
				5FCDAFEF28E78E8400A94C9A /* UIView+Pin.swift in Sources */,
				5F53D56D291063F100652316 /* UIColor+Component.swift in Sources */,
				5FCDAFED28E78E7900A94C9A /* CALayer+Shadow.swift in Sources */,
				9318573EAAC481CA064403EE /* ColorPaletteView.swift in Sources */,
				9318531B58846CDD197F1900 /* NotesViewController.swift in Sources */,
				93185754B0EBBDE26F819EEF /* NoteCell.swift in Sources */,
				931855E63E36587CDFDCF14B /* AddNoteCell.swift in Sources */,
				931850BB2EAD55FE084CFCC6 /* NewsListViewController.swift in Sources */,
				93185197510ECB31F831E793 /* NewsCell.swift in Sources */,
				93185E43CA9E79F11B8D0C73 /* NewsApiCom.swift in Sources */,
				931851296B1BC92103AEC8BB /* BasicHTTPClient.swift in Sources */,
				9318557FC262164A167631A8 /* NewsViewController.swift in Sources */,
				931859B858A785456CB25B5D /* ArticleViewModel.swift in Sources */,
				93185BF3B0AD0EF14405C245 /* ShortNote.swift in Sources */,
				93185159FD092989253E1DC7 /* UserDefaultsStorage.swift in Sources */,
				9318532976B0844A935D3A89 /* SceneDelegate.swift in Sources */,
				93185BA9B91EE531CB6869D2 /* AppDelegate.swift in Sources */,
				931859EB88A78BD9143970E1 /* ArticlesResponse.swift in Sources */,
				931858359870323914FD7384 /* Article.swift in Sources */,
				9318590775CCE7AE135A4EAD /* Source.swift in Sources */,
			);
			runOnlyForDeploymentPostprocessing = 0;
		};
/* End PBXSourcesBuildPhase section */

/* Begin PBXVariantGroup section */
		5FCDAFDD28E748DB00A94C9A /* LaunchScreen.storyboard */ = {
			isa = PBXVariantGroup;
			children = (
				5FCDAFDE28E748DB00A94C9A /* Base */,
			);
			name = LaunchScreen.storyboard;
			sourceTree = "<group>";
		};
/* End PBXVariantGroup section */

/* Begin XCBuildConfiguration section */
		5FCDAFE128E748DB00A94C9A /* Debug */ = {
			isa = XCBuildConfiguration;
			buildSettings = {
				ALWAYS_SEARCH_USER_PATHS = NO;
				CLANG_ANALYZER_NONNULL = YES;
				CLANG_ANALYZER_NUMBER_OBJECT_CONVERSION = YES_AGGRESSIVE;
				CLANG_CXX_LANGUAGE_STANDARD = "gnu++17";
				CLANG_CXX_LIBRARY = "libc++";
				CLANG_ENABLE_MODULES = YES;
				CLANG_ENABLE_OBJC_ARC = YES;
				CLANG_ENABLE_OBJC_WEAK = YES;
				CLANG_WARN_BLOCK_CAPTURE_AUTORELEASING = YES;
				CLANG_WARN_BOOL_CONVERSION = YES;
				CLANG_WARN_COMMA = YES;
				CLANG_WARN_CONSTANT_CONVERSION = YES;
				CLANG_WARN_DEPRECATED_OBJC_IMPLEMENTATIONS = YES;
				CLANG_WARN_DIRECT_OBJC_ISA_USAGE = YES_ERROR;
				CLANG_WARN_DOCUMENTATION_COMMENTS = YES;
				CLANG_WARN_EMPTY_BODY = YES;
				CLANG_WARN_ENUM_CONVERSION = YES;
				CLANG_WARN_INFINITE_RECURSION = YES;
				CLANG_WARN_INT_CONVERSION = YES;
				CLANG_WARN_NON_LITERAL_NULL_CONVERSION = YES;
				CLANG_WARN_OBJC_IMPLICIT_RETAIN_SELF = YES;
				CLANG_WARN_OBJC_LITERAL_CONVERSION = YES;
				CLANG_WARN_OBJC_ROOT_CLASS = YES_ERROR;
				CLANG_WARN_QUOTED_INCLUDE_IN_FRAMEWORK_HEADER = YES;
				CLANG_WARN_RANGE_LOOP_ANALYSIS = YES;
				CLANG_WARN_STRICT_PROTOTYPES = YES;
				CLANG_WARN_SUSPICIOUS_MOVE = YES;
				CLANG_WARN_UNGUARDED_AVAILABILITY = YES_AGGRESSIVE;
				CLANG_WARN_UNREACHABLE_CODE = YES;
				CLANG_WARN__DUPLICATE_METHOD_MATCH = YES;
				COPY_PHASE_STRIP = NO;
				DEBUG_INFORMATION_FORMAT = dwarf;
				ENABLE_STRICT_OBJC_MSGSEND = YES;
				ENABLE_TESTABILITY = YES;
				GCC_C_LANGUAGE_STANDARD = gnu11;
				GCC_DYNAMIC_NO_PIC = NO;
				GCC_NO_COMMON_BLOCKS = YES;
				GCC_OPTIMIZATION_LEVEL = 0;
				GCC_PREPROCESSOR_DEFINITIONS = (
					"DEBUG=1",
					"$(inherited)",
				);
				GCC_WARN_64_TO_32_BIT_CONVERSION = YES;
				GCC_WARN_ABOUT_RETURN_TYPE = YES_ERROR;
				GCC_WARN_UNDECLARED_SELECTOR = YES;
				GCC_WARN_UNINITIALIZED_AUTOS = YES_AGGRESSIVE;
				GCC_WARN_UNUSED_FUNCTION = YES;
				GCC_WARN_UNUSED_VARIABLE = YES;
				IPHONEOS_DEPLOYMENT_TARGET = 15.2;
				MTL_ENABLE_DEBUG_INFO = INCLUDE_SOURCE;
				MTL_FAST_MATH = YES;
				ONLY_ACTIVE_ARCH = YES;
				SDKROOT = iphoneos;
				SWIFT_ACTIVE_COMPILATION_CONDITIONS = DEBUG;
				SWIFT_OPTIMIZATION_LEVEL = "-Onone";
			};
			name = Debug;
		};
		5FCDAFE228E748DB00A94C9A /* Release */ = {
			isa = XCBuildConfiguration;
			buildSettings = {
				ALWAYS_SEARCH_USER_PATHS = NO;
				CLANG_ANALYZER_NONNULL = YES;
				CLANG_ANALYZER_NUMBER_OBJECT_CONVERSION = YES_AGGRESSIVE;
				CLANG_CXX_LANGUAGE_STANDARD = "gnu++17";
				CLANG_CXX_LIBRARY = "libc++";
				CLANG_ENABLE_MODULES = YES;
				CLANG_ENABLE_OBJC_ARC = YES;
				CLANG_ENABLE_OBJC_WEAK = YES;
				CLANG_WARN_BLOCK_CAPTURE_AUTORELEASING = YES;
				CLANG_WARN_BOOL_CONVERSION = YES;
				CLANG_WARN_COMMA = YES;
				CLANG_WARN_CONSTANT_CONVERSION = YES;
				CLANG_WARN_DEPRECATED_OBJC_IMPLEMENTATIONS = YES;
				CLANG_WARN_DIRECT_OBJC_ISA_USAGE = YES_ERROR;
				CLANG_WARN_DOCUMENTATION_COMMENTS = YES;
				CLANG_WARN_EMPTY_BODY = YES;
				CLANG_WARN_ENUM_CONVERSION = YES;
				CLANG_WARN_INFINITE_RECURSION = YES;
				CLANG_WARN_INT_CONVERSION = YES;
				CLANG_WARN_NON_LITERAL_NULL_CONVERSION = YES;
				CLANG_WARN_OBJC_IMPLICIT_RETAIN_SELF = YES;
				CLANG_WARN_OBJC_LITERAL_CONVERSION = YES;
				CLANG_WARN_OBJC_ROOT_CLASS = YES_ERROR;
				CLANG_WARN_QUOTED_INCLUDE_IN_FRAMEWORK_HEADER = YES;
				CLANG_WARN_RANGE_LOOP_ANALYSIS = YES;
				CLANG_WARN_STRICT_PROTOTYPES = YES;
				CLANG_WARN_SUSPICIOUS_MOVE = YES;
				CLANG_WARN_UNGUARDED_AVAILABILITY = YES_AGGRESSIVE;
				CLANG_WARN_UNREACHABLE_CODE = YES;
				CLANG_WARN__DUPLICATE_METHOD_MATCH = YES;
				COPY_PHASE_STRIP = NO;
				DEBUG_INFORMATION_FORMAT = "dwarf-with-dsym";
				ENABLE_NS_ASSERTIONS = NO;
				ENABLE_STRICT_OBJC_MSGSEND = YES;
				GCC_C_LANGUAGE_STANDARD = gnu11;
				GCC_NO_COMMON_BLOCKS = YES;
				GCC_WARN_64_TO_32_BIT_CONVERSION = YES;
				GCC_WARN_ABOUT_RETURN_TYPE = YES_ERROR;
				GCC_WARN_UNDECLARED_SELECTOR = YES;
				GCC_WARN_UNINITIALIZED_AUTOS = YES_AGGRESSIVE;
				GCC_WARN_UNUSED_FUNCTION = YES;
				GCC_WARN_UNUSED_VARIABLE = YES;
				IPHONEOS_DEPLOYMENT_TARGET = 15.2;
				MTL_ENABLE_DEBUG_INFO = NO;
				MTL_FAST_MATH = YES;
				SDKROOT = iphoneos;
				SWIFT_COMPILATION_MODE = wholemodule;
				SWIFT_OPTIMIZATION_LEVEL = "-O";
				VALIDATE_PRODUCT = YES;
			};
			name = Release;
		};
		5FCDAFE428E748DB00A94C9A /* Debug */ = {
			isa = XCBuildConfiguration;
			buildSettings = {
				ASSETCATALOG_COMPILER_APPICON_NAME = AppIcon;
				ASSETCATALOG_COMPILER_GLOBAL_ACCENT_COLOR_NAME = AccentColor;
				CODE_SIGN_STYLE = Automatic;
				CURRENT_PROJECT_VERSION = 1;
				DEVELOPMENT_TEAM = J2QFHZ47MQ;
				GENERATE_INFOPLIST_FILE = YES;
				INFOPLIST_FILE = "evevseevPW-HomeProject/Info.plist";
				INFOPLIST_KEY_UIApplicationSupportsIndirectInputEvents = YES;
				INFOPLIST_KEY_UILaunchStoryboardName = LaunchScreen;
				INFOPLIST_KEY_UISupportedInterfaceOrientations = "UIInterfaceOrientationPortrait UIInterfaceOrientationPortraitUpsideDown";
				INFOPLIST_KEY_UISupportedInterfaceOrientations_iPad = "UIInterfaceOrientationPortrait UIInterfaceOrientationPortraitUpsideDown";
				INFOPLIST_KEY_UISupportedInterfaceOrientations_iPhone = UIInterfaceOrientationPortrait;
				IPHONEOS_DEPLOYMENT_TARGET = 15.0;
				LD_RUNPATH_SEARCH_PATHS = (
					"$(inherited)",
					"@executable_path/Frameworks",
				);
				MARKETING_VERSION = 1.0;
				PRODUCT_BUNDLE_IDENTIFIER = "emg.evevseevPW-HomeProject";
				PRODUCT_NAME = "$(TARGET_NAME)";
				SWIFT_EMIT_LOC_STRINGS = YES;
				SWIFT_VERSION = 5.0;
				TARGETED_DEVICE_FAMILY = "1,2";
			};
			name = Debug;
		};
		5FCDAFE528E748DB00A94C9A /* Release */ = {
			isa = XCBuildConfiguration;
			buildSettings = {
				ASSETCATALOG_COMPILER_APPICON_NAME = AppIcon;
				ASSETCATALOG_COMPILER_GLOBAL_ACCENT_COLOR_NAME = AccentColor;
				CODE_SIGN_STYLE = Automatic;
				CURRENT_PROJECT_VERSION = 1;
				DEVELOPMENT_TEAM = J2QFHZ47MQ;
				GENERATE_INFOPLIST_FILE = YES;
				INFOPLIST_FILE = "evevseevPW-HomeProject/Info.plist";
				INFOPLIST_KEY_UIApplicationSupportsIndirectInputEvents = YES;
				INFOPLIST_KEY_UILaunchStoryboardName = LaunchScreen;
				INFOPLIST_KEY_UISupportedInterfaceOrientations = "UIInterfaceOrientationPortrait UIInterfaceOrientationPortraitUpsideDown";
				INFOPLIST_KEY_UISupportedInterfaceOrientations_iPad = "UIInterfaceOrientationPortrait UIInterfaceOrientationPortraitUpsideDown";
				INFOPLIST_KEY_UISupportedInterfaceOrientations_iPhone = UIInterfaceOrientationPortrait;
				IPHONEOS_DEPLOYMENT_TARGET = 15.0;
				LD_RUNPATH_SEARCH_PATHS = (
					"$(inherited)",
					"@executable_path/Frameworks",
				);
				MARKETING_VERSION = 1.0;
				PRODUCT_BUNDLE_IDENTIFIER = "emg.evevseevPW-HomeProject";
				PRODUCT_NAME = "$(TARGET_NAME)";
				SWIFT_EMIT_LOC_STRINGS = YES;
				SWIFT_VERSION = 5.0;
				TARGETED_DEVICE_FAMILY = "1,2";
			};
			name = Release;
		};
/* End XCBuildConfiguration section */

/* Begin XCConfigurationList section */
		5FCDAFCA28E748DA00A94C9A /* Build configuration list for PBXProject "evevseevPW-HomeProject" */ = {
			isa = XCConfigurationList;
			buildConfigurations = (
				5FCDAFE128E748DB00A94C9A /* Debug */,
				5FCDAFE228E748DB00A94C9A /* Release */,
			);
			defaultConfigurationIsVisible = 0;
			defaultConfigurationName = Release;
		};
		5FCDAFE328E748DB00A94C9A /* Build configuration list for PBXNativeTarget "evevseevPW-HomeProject" */ = {
			isa = XCConfigurationList;
			buildConfigurations = (
				5FCDAFE428E748DB00A94C9A /* Debug */,
				5FCDAFE528E748DB00A94C9A /* Release */,
			);
			defaultConfigurationIsVisible = 0;
			defaultConfigurationName = Release;
		};
/* End XCConfigurationList section */
	};
	rootObject = 5FCDAFC728E748DA00A94C9A /* Project object */;
}
