<?xml version="1.0" encoding="UTF-8"?>
<Scheme
   version = "1.3">
   <BuildAction>
      <BuildActionEntries>
         <BuildActionEntry
            buildForRunning = "YES">
            <BuildableReference
               BuildableIdentifier = "primary"
               BlueprintIdentifier = "5FCDAFCE28E748DA00A94C9A"
               BuildableName = "evevseevPW2.app"
               BlueprintName = "evevseevPW2"
               ReferencedContainer = "container:evevseevPW2.xcodeproj">
            </BuildableReference>
         </BuildActionEntry>
      </BuildActionEntries>
   </BuildAction>
   <LaunchAction
      useCustomWorkingDirectory = "NO"
      buildConfiguration = "Debug"
      allowLocationSimulation = "YES">
      <BuildableProductRunnable>
         <BuildableReference
            BuildableIdentifier = "primary"
            BlueprintIdentifier = "5FCDAFCE28E748DA00A94C9A"
            BuildableName = "evevseevPW2.app"
            BlueprintName = "evevseevPW2"
            ReferencedContainer = "container:evevseevPW2.xcodeproj">
         </BuildableReference>
      </BuildableProductRunnable>
   </LaunchAction>
</Scheme>
